<?xml version="1.0" encoding="UTF-8" standalone="yes" ?>
<CodeBlocks_project_file>
	<FileVersion major="1" minor="6" />
	<Project>
		<Option title="splines" />
		<Option pch_mode="2" />
		<Option compiler="gcc" />
		<Build>
			<Target title="Release Win32">
				<Option output="..\..\build\splines_release\libSplines" prefix_auto="1" extension_auto="1" />
				<Option working_dir="" />
				<Option object_output="..\..\build\splines_release\" />
				<Option type="2" />
				<Option compiler="gcc" />
				<Option createDefFile="1" />
				<Compiler>
					<Add option="-DWIN32" />
					<Add option="-DNDEBUG" />
					<Add option="-D_LIB" />
					<Add option="-W" />
					<Add option="-O2" />
				</Compiler>
			</Target>
			<Target title="Debug Win32">
				<Option output="..\..\build\splines_debug\libSplines" prefix_auto="1" extension_auto="1" />
				<Option working_dir="" />
				<Option object_output="..\..\build\splines_debug\" />
				<Option type="2" />
				<Option compiler="gcc" />
				<Option createDefFile="1" />
				<Compiler>
					<Add option="-DWIN32" />
					<Add option="-D_DEBUG" />
					<Add option="-D_LIB" />
					<Add option="-W" />
					<Add option="-g" />
					<Add option="-O0" />
				</Compiler>
			</Target>
		</Build>
		<Unit filename="math_angles.cpp" />
		<Unit filename="math_angles.h" />
		<Unit filename="math_matrix.cpp" />
		<Unit filename="math_matrix.h" />
		<Unit filename="math_quaternion.cpp" />
		<Unit filename="math_quaternion.h" />
		<Unit filename="math_vector.cpp" />
		<Unit filename="math_vector.h" />
		<Unit filename="q_parse.cpp" />
		<Unit filename="q_shared.cpp" />
		<Unit filename="q_shared.h" />
		<Unit filename="q_shared.hpp" />
		<Unit filename="splines.cpp" />
		<Unit filename="splines.h" />
		<Unit filename="util_list.h" />
		<Unit filename="util_str.cpp" />
		<Unit filename="util_str.h" />
		<Extensions>
			<code_completion />
			<debugger />
		</Extensions>
	</Project>
</CodeBlocks_project_file>
